
Microsoft Visual Studio Solution File, Format Version 12.00
# Visual Studio 15
VisualStudioVersion = 15.0.28307.757
MinimumVisualStudioVersion = 10.0.40219.1
Project("{FAE04EC0-301F-11D3-BF4B-00C04F79EFBC}") = "FileDemo", "FileDemo.csproj", "{134E0E6D-0366-442D-A6F2-63A85F8324F2}"
EndProject
Global
	GlobalSection(SolutionConfigurationPlatforms) = preSolution
		Debug|Any CPU = Debug|Any CPU
		Release|Any CPU = Release|Any CPU
	EndGlobalSection
	GlobalSection(ProjectConfigurationPlatforms) = postSolution
		{134E0E6D-0366-442D-A6F2-63A85F8324F2}.Debug|Any CPU.ActiveCfg = Debug|Any CPU
		{134E0E6D-0366-442D-A6F2-63A85F8324F2}.Debug|Any CPU.Build.0 = Debug|Any CPU
		{134E0E6D-0366-442D-A6F2-63A85F8324F2}.Release|Any CPU.ActiveCfg = Release|Any CPU
		{134E0E6D-0366-442D-A6F2-63A85F8324F2}.Release|Any CPU.Build.0 = Release|Any CPU
	EndGlobalSection
	GlobalSection(SolutionProperties) = preSolution
		HideSolutionNode = FALSE
	EndGlobalSection
	GlobalSection(ExtensibilityGlobals) = postSolution
		SolutionGuid = {D90E979F-F5FD-4FE9-A27E-58D035892ED1}
	EndGlobalSection
EndGlobal
